
Microsoft Visual Studio Solution File, Format Version 12.00
# Visual Studio 15
VisualStudioVersion = 15.0.28307.705
MinimumVisualStudioVersion = 10.0.40219.1
Project("{FAE04EC0-301F-11D3-BF4B-00C04F79EFBC}") = "TestServer", "DemoServer\TestServer.csproj", "{A1362550-58BB-4E8E-B448-9C61808575A7}"
EndProject
Project("{FAE04EC0-301F-11D3-BF4B-00C04F79EFBC}") = "DemoClient", "DemoClient\DemoClient.csproj", "{5BBE72BA-291A-432C-B732-3E2828F6B2E2}"
EndProject
Project("{FAE04EC0-301F-11D3-BF4B-00C04F79EFBC}") = "ServerApp", "ServerApp\ServerApp.csproj", "{7FDABC5D-9FF6-4070-A9C4-99E4701F9DDD}"
EndProject
Project("{FAE04EC0-301F-11D3-BF4B-00C04F79EFBC}") = "BeeServer", "BeeServer\BeeServer.csproj", "{C07208F6-BF21-4E88-BB2E-7FC3A319C538}"
EndProject
Project("{FAE04EC0-301F-11D3-BF4B-00C04F79EFBC}") = "BeeProtocol", "BeeProtocol\BeeProtocol.csproj", "{5B412715-46E1-46A7-8BB5-F8FBE633D403}"
EndProject
Global
	GlobalSection(SolutionConfigurationPlatforms) = preSolution
		Debug|Any CPU = Debug|Any CPU
		Release|Any CPU = Release|Any CPU
	EndGlobalSection
	GlobalSection(ProjectConfigurationPlatforms) = postSolution
		{A1362550-58BB-4E8E-B448-9C61808575A7}.Debug|Any CPU.ActiveCfg = Debug|Any CPU
		{A1362550-58BB-4E8E-B448-9C61808575A7}.Debug|Any CPU.Build.0 = Debug|Any CPU
		{A1362550-58BB-4E8E-B448-9C61808575A7}.Release|Any CPU.ActiveCfg = Release|Any CPU
		{A1362550-58BB-4E8E-B448-9C61808575A7}.Release|Any CPU.Build.0 = Release|Any CPU
		{5BBE72BA-291A-432C-B732-3E2828F6B2E2}.Debug|Any CPU.ActiveCfg = Debug|Any CPU
		{5BBE72BA-291A-432C-B732-3E2828F6B2E2}.Debug|Any CPU.Build.0 = Debug|Any CPU
		{5BBE72BA-291A-432C-B732-3E2828F6B2E2}.Release|Any CPU.ActiveCfg = Release|Any CPU
		{5BBE72BA-291A-432C-B732-3E2828F6B2E2}.Release|Any CPU.Build.0 = Release|Any CPU
		{7FDABC5D-9FF6-4070-A9C4-99E4701F9DDD}.Debug|Any CPU.ActiveCfg = Debug|Any CPU
		{7FDABC5D-9FF6-4070-A9C4-99E4701F9DDD}.Debug|Any CPU.Build.0 = Debug|Any CPU
		{7FDABC5D-9FF6-4070-A9C4-99E4701F9DDD}.Release|Any CPU.ActiveCfg = Release|Any CPU
		{7FDABC5D-9FF6-4070-A9C4-99E4701F9DDD}.Release|Any CPU.Build.0 = Release|Any CPU
		{C07208F6-BF21-4E88-BB2E-7FC3A319C538}.Debug|Any CPU.ActiveCfg = Debug|Any CPU
		{C07208F6-BF21-4E88-BB2E-7FC3A319C538}.Debug|Any CPU.Build.0 = Debug|Any CPU
		{C07208F6-BF21-4E88-BB2E-7FC3A319C538}.Release|Any CPU.ActiveCfg = Release|Any CPU
		{C07208F6-BF21-4E88-BB2E-7FC3A319C538}.Release|Any CPU.Build.0 = Release|Any CPU
		{5B412715-46E1-46A7-8BB5-F8FBE633D403}.Debug|Any CPU.ActiveCfg = Debug|Any CPU
		{5B412715-46E1-46A7-8BB5-F8FBE633D403}.Debug|Any CPU.Build.0 = Debug|Any CPU
		{5B412715-46E1-46A7-8BB5-F8FBE633D403}.Release|Any CPU.ActiveCfg = Release|Any CPU
		{5B412715-46E1-46A7-8BB5-F8FBE633D403}.Release|Any CPU.Build.0 = Release|Any CPU
	EndGlobalSection
	GlobalSection(SolutionProperties) = preSolution
		HideSolutionNode = FALSE
	EndGlobalSection
	GlobalSection(ExtensibilityGlobals) = postSolution
		SolutionGuid = {52CF7FD6-1989-45AE-B354-E1B296CE04D7}
	EndGlobalSection
EndGlobal
